
Microsoft Visual Studio Solution File, Format Version 12.00
# Visual Studio Express 2013 for Windows
VisualStudioVersion = 12.0.31101.0
MinimumVisualStudioVersion = 10.0.40219.1
Project("{FAE04EC0-301F-11D3-BF4B-00C04F79EFBC}") = "MyMossWall2", "MyMossWall2\MyMossWall2.csproj", "{51A18874-4A4D-48DC-8BC1-BEF0FD56B1BD}"
EndProject
Project("{FAE04EC0-301F-11D3-BF4B-00C04F79EFBC}") = "MossTable", "MossTable\MossTable.csproj", "{58DF6075-4A24-477E-A248-A68C1FD7B352}"
EndProject
Global
	GlobalSection(SolutionConfigurationPlatforms) = preSolution
		Debug|Any CPU = Debug|Any CPU
		Debug|ARM = Debug|ARM
		Debug|x64 = Debug|x64
		Debug|x86 = Debug|x86
		Release|Any CPU = Release|Any CPU
		Release|ARM = Release|ARM
		Release|x64 = Release|x64
		Release|x86 = Release|x86
	EndGlobalSection
	GlobalSection(ProjectConfigurationPlatforms) = postSolution
		{51A18874-4A4D-48DC-8BC1-BEF0FD56B1BD}.Debug|Any CPU.ActiveCfg = Debug|Any CPU
		{51A18874-4A4D-48DC-8BC1-BEF0FD56B1BD}.Debug|Any CPU.Build.0 = Debug|Any CPU
		{51A18874-4A4D-48DC-8BC1-BEF0FD56B1BD}.Debug|Any CPU.Deploy.0 = Debug|Any CPU
		{51A18874-4A4D-48DC-8BC1-BEF0FD56B1BD}.Debug|ARM.ActiveCfg = Debug|ARM
		{51A18874-4A4D-48DC-8BC1-BEF0FD56B1BD}.Debug|ARM.Build.0 = Debug|ARM
		{51A18874-4A4D-48DC-8BC1-BEF0FD56B1BD}.Debug|ARM.Deploy.0 = Debug|ARM
		{51A18874-4A4D-48DC-8BC1-BEF0FD56B1BD}.Debug|x64.ActiveCfg = Debug|x64
		{51A18874-4A4D-48DC-8BC1-BEF0FD56B1BD}.Debug|x64.Build.0 = Debug|x64
		{51A18874-4A4D-48DC-8BC1-BEF0FD56B1BD}.Debug|x64.Deploy.0 = Debug|x64
		{51A18874-4A4D-48DC-8BC1-BEF0FD56B1BD}.Debug|x86.ActiveCfg = Debug|x86
		{51A18874-4A4D-48DC-8BC1-BEF0FD56B1BD}.Debug|x86.Build.0 = Debug|x86
		{51A18874-4A4D-48DC-8BC1-BEF0FD56B1BD}.Debug|x86.Deploy.0 = Debug|x86
		{51A18874-4A4D-48DC-8BC1-BEF0FD56B1BD}.Release|Any CPU.ActiveCfg = Release|Any CPU
		{51A18874-4A4D-48DC-8BC1-BEF0FD56B1BD}.Release|Any CPU.Build.0 = Release|Any CPU
		{51A18874-4A4D-48DC-8BC1-BEF0FD56B1BD}.Release|Any CPU.Deploy.0 = Release|Any CPU
		{51A18874-4A4D-48DC-8BC1-BEF0FD56B1BD}.Release|ARM.ActiveCfg = Release|ARM
		{51A18874-4A4D-48DC-8BC1-BEF0FD56B1BD}.Release|ARM.Build.0 = Release|ARM
		{51A18874-4A4D-48DC-8BC1-BEF0FD56B1BD}.Release|ARM.Deploy.0 = Release|ARM
		{51A18874-4A4D-48DC-8BC1-BEF0FD56B1BD}.Release|x64.ActiveCfg = Release|x64
		{51A18874-4A4D-48DC-8BC1-BEF0FD56B1BD}.Release|x64.Build.0 = Release|x64
		{51A18874-4A4D-48DC-8BC1-BEF0FD56B1BD}.Release|x64.Deploy.0 = Release|x64
		{51A18874-4A4D-48DC-8BC1-BEF0FD56B1BD}.Release|x86.ActiveCfg = Release|x86
		{51A18874-4A4D-48DC-8BC1-BEF0FD56B1BD}.Release|x86.Build.0 = Release|x86
		{51A18874-4A4D-48DC-8BC1-BEF0FD56B1BD}.Release|x86.Deploy.0 = Release|x86
		{58DF6075-4A24-477E-A248-A68C1FD7B352}.Debug|Any CPU.ActiveCfg = Debug|Any CPU
		{58DF6075-4A24-477E-A248-A68C1FD7B352}.Debug|Any CPU.Build.0 = Debug|Any CPU
		{58DF6075-4A24-477E-A248-A68C1FD7B352}.Debug|ARM.ActiveCfg = Debug|ARM
		{58DF6075-4A24-477E-A248-A68C1FD7B352}.Debug|ARM.Build.0 = Debug|ARM
		{58DF6075-4A24-477E-A248-A68C1FD7B352}.Debug|x64.ActiveCfg = Debug|x64
		{58DF6075-4A24-477E-A248-A68C1FD7B352}.Debug|x64.Build.0 = Debug|x64
		{58DF6075-4A24-477E-A248-A68C1FD7B352}.Debug|x86.ActiveCfg = Debug|x86
		{58DF6075-4A24-477E-A248-A68C1FD7B352}.Debug|x86.Build.0 = Debug|x86
		{58DF6075-4A24-477E-A248-A68C1FD7B352}.Release|Any CPU.ActiveCfg = Release|Any CPU
		{58DF6075-4A24-477E-A248-A68C1FD7B352}.Release|Any CPU.Build.0 = Release|Any CPU
		{58DF6075-4A24-477E-A248-A68C1FD7B352}.Release|ARM.ActiveCfg = Release|ARM
		{58DF6075-4A24-477E-A248-A68C1FD7B352}.Release|ARM.Build.0 = Release|ARM
		{58DF6075-4A24-477E-A248-A68C1FD7B352}.Release|x64.ActiveCfg = Release|x64
		{58DF6075-4A24-477E-A248-A68C1FD7B352}.Release|x64.Build.0 = Release|x64
		{58DF6075-4A24-477E-A248-A68C1FD7B352}.Release|x86.ActiveCfg = Release|x86
		{58DF6075-4A24-477E-A248-A68C1FD7B352}.Release|x86.Build.0 = Release|x86
	EndGlobalSection
	GlobalSection(SolutionProperties) = preSolution
		HideSolutionNode = FALSE
	EndGlobalSection
EndGlobal
